
Microsoft Visual Studio Solution File, Format Version 12.00
# Visual Studio Version 17
VisualStudioVersion = 17.8.34330.188
MinimumVisualStudioVersion = 10.0.40219.1
Project("{FAE04EC0-301F-11D3-BF4B-00C04F79EFBC}") = "GettingStarted", "GettingStarted.csproj", "{D8E2F618-D5EE-4A1E-8051-F1A67B7465FE}"
EndProject
Global
	GlobalSection(SolutionConfigurationPlatforms) = preSolution
		Debug|Any CPU = Debug|Any CPU
		Release|Any CPU = Release|Any CPU
	EndGlobalSection
	GlobalSection(ProjectConfigurationPlatforms) = postSolution
		{D8E2F618-D5EE-4A1E-8051-F1A67B7465FE}.Debug|Any CPU.ActiveCfg = Debug|Any CPU
		{D8E2F618-D5EE-4A1E-8051-F1A67B7465FE}.Debug|Any CPU.Build.0 = Debug|Any CPU
		{D8E2F618-D5EE-4A1E-8051-F1A67B7465FE}.Debug|Any CPU.Deploy.0 = Debug|Any CPU
		{D8E2F618-D5EE-4A1E-8051-F1A67B7465FE}.Release|Any CPU.ActiveCfg = Release|Any CPU
		{D8E2F618-D5EE-4A1E-8051-F1A67B7465FE}.Release|Any CPU.Build.0 = Release|Any CPU
		{D8E2F618-D5EE-4A1E-8051-F1A67B7465FE}.Release|Any CPU.Deploy.0 = Release|Any CPU
	EndGlobalSection
	GlobalSection(SolutionProperties) = preSolution
		HideSolutionNode = FALSE
	EndGlobalSection
	GlobalSection(ExtensibilityGlobals) = postSolution
		SolutionGuid = {C8E65470-189F-4BCC-83CB-E8EF9E127D05}
	EndGlobalSection
EndGlobal
